PODS:
  - clear_all_notifications (0.0.1):
    - Flutter
  - croppy (0.0.1):
    - Flutter
  - downloadsfolder (0.0.1):
    - Flutter
  - Flutter (1.0.0)
  - flutter_contacts (0.0.1):
    - Flutter
  - flutter_webrtc (1.2.0):
    - Flutter
    - WebRTC-SDK (= 137.7151.04)
  - livekit_client (2.6.5):
    - Flutter
    - flutter_webrtc
    - WebRTC-SDK (= 137.7151.04)
  - open_filex (0.0.2):
    - Flutter
  - permission_handler_apple (9.3.0):
    - Flutter
  - WebRTC-SDK (137.7151.04)

DEPENDENCIES:
  - clear_all_notifications (from `.symlinks/plugins/clear_all_notifications/ios`)
  - croppy (from `.symlinks/plugins/croppy/ios`)
  - downloadsfolder (from `.symlinks/plugins/downloadsfolder/ios`)
  - Flutter (from `Flutter`)
  - flutter_contacts (from `.symlinks/plugins/flutter_contacts/ios`)
  - flutter_webrtc (from `.symlinks/plugins/flutter_webrtc/ios`)
  - livekit_client (from `.symlinks/plugins/livekit_client/ios`)
  - open_filex (from `.symlinks/plugins/open_filex/ios`)
  - permission_handler_apple (from `.symlinks/plugins/permission_handler_apple/ios`)

SPEC REPOS:
  trunk:
    - WebRTC-SDK

EXTERNAL SOURCES:
  clear_all_notifications:
    :path: ".symlinks/plugins/clear_all_notifications/ios"
  croppy:
    :path: ".symlinks/plugins/croppy/ios"
  downloadsfolder:
    :path: ".symlinks/plugins/downloadsfolder/ios"
  Flutter:
    :path: Flutter
  flutter_contacts:
    :path: ".symlinks/plugins/flutter_contacts/ios"
  flutter_webrtc:
    :path: ".symlinks/plugins/flutter_webrtc/ios"
  livekit_client:
    :path: ".symlinks/plugins/livekit_client/ios"
  open_filex:
    :path: ".symlinks/plugins/open_filex/ios"
  permission_handler_apple:
    :path: ".symlinks/plugins/permission_handler_apple/ios"

SPEC CHECKSUMS:
  clear_all_notifications: c33d52381f3160dfd5dffce44d355e3fc517a0b7
  croppy: 979e8ddc254f4642bffe7d52dc7193354b27ba30
  downloadsfolder: 7d5c7b5d23e3c4dded522ff2a2ef14a56846378a
  Flutter: cabc95a1d2626b1b06e7179b784ebcf0c0cde467
  flutter_contacts: 5383945387e7ca37cf963d4be57c21f2fc15ca9f
  flutter_webrtc: c3e21fc0dcd9d8eb246ae4d5256fcbeb2f5ecd22
  livekit_client: 39aec804d7ee9735d38c09cc656b78978c4854e4
  open_filex: 432f3cd11432da3e39f47fcc0df2b1603854eff1
  permission_handler_apple: 4ed2196e43d0651e8ff7ca3483a069d469701f2d
  WebRTC-SDK: 40d4f5ba05cadff14e4db5614aec402a633f007e

PODFILE CHECKSUM: b6c1777b8742f73e5cdad8789e3d9f4d8eaca881

COCOAPODS: 1.16.2
